// !$*UTF8*$!
{
	archiveVersion = 1;
	classes = {
	};
	objectVersion = 50;
	objects = {

/* Begin PBXBuildFile section */
		FE226CC924EBDBD600E57F91 /* AvatarCompositeView.swift in Sources */ = {isa = PBXBuildFile; fileRef = FE226CC824EBDBD600E57F91 /* AvatarCompositeView.swift */; };
		FE226CCD24ED150100E57F91 /* LikeUIView.swift in Sources */ = {isa = PBXBuildFile; fileRef = FE226CCC24ED150100E57F91 /* LikeUIView.swift */; };
		FE226CCF24ED515F00E57F91 /* UsersTableView.swift in Sources */ = {isa = PBXBuildFile; fileRef = FE226CCE24ED515F00E57F91 /* UsersTableView.swift */; };
		FE226CD124ED571D00E57F91 /* UsersViewController.swift in Sources */ = {isa = PBXBuildFile; fileRef = FE226CD024ED571D00E57F91 /* UsersViewController.swift */; };
		FE6589A024D2FFB500BBB3C0 /* AppDelegate.swift in Sources */ = {isa = PBXBuildFile; fileRef = FE65899F24D2FFB500BBB3C0 /* AppDelegate.swift */; };
		FE6589A224D2FFB500BBB3C0 /* SceneDelegate.swift in Sources */ = {isa = PBXBuildFile; fileRef = FE6589A124D2FFB500BBB3C0 /* SceneDelegate.swift */; };
		FE6589A424D2FFB500BBB3C0 /* LoginViewController.swift in Sources */ = {isa = PBXBuildFile; fileRef = FE6589A324D2FFB500BBB3C0 /* LoginViewController.swift */; };
		FE6589A724D2FFB500BBB3C0 /* Main.storyboard in Resources */ = {isa = PBXBuildFile; fileRef = FE6589A524D2FFB500BBB3C0 /* Main.storyboard */; };
		FE6589A924D2FFB600BBB3C0 /* Assets.xcassets in Resources */ = {isa = PBXBuildFile; fileRef = FE6589A824D2FFB600BBB3C0 /* Assets.xcassets */; };
		FE6589AC24D2FFB600BBB3C0 /* LaunchScreen.storyboard in Resources */ = {isa = PBXBuildFile; fileRef = FE6589AA24D2FFB600BBB3C0 /* LaunchScreen.storyboard */; };
		FE68859824DAA52A0014CAB7 /* AllGroupsTableViewController.swift in Sources */ = {isa = PBXBuildFile; fileRef = FE68859724DAA52A0014CAB7 /* AllGroupsTableViewController.swift */; };
		FE68859A24DAA5780014CAB7 /* AllGroupsTableViewCell.swift in Sources */ = {isa = PBXBuildFile; fileRef = FE68859924DAA5780014CAB7 /* AllGroupsTableViewCell.swift */; };
		FE68859D24DAB1650014CAB7 /* MyGroupsTableViewCell.swift in Sources */ = {isa = PBXBuildFile; fileRef = FE68859C24DAB1650014CAB7 /* MyGroupsTableViewCell.swift */; };
		FE68859F24DAB1910014CAB7 /* MyGroupsTableViewController.swift in Sources */ = {isa = PBXBuildFile; fileRef = FE68859E24DAB1910014CAB7 /* MyGroupsTableViewController.swift */; };
		FE6885A224DAC6010014CAB7 /* PhotosCollectionViewController.swift in Sources */ = {isa = PBXBuildFile; fileRef = FE6885A124DAC6010014CAB7 /* PhotosCollectionViewController.swift */; };
		FE6885A424DAC62F0014CAB7 /* PhotosCollectionViewCell.swift in Sources */ = {isa = PBXBuildFile; fileRef = FE6885A324DAC62F0014CAB7 /* PhotosCollectionViewCell.swift */; };
		FE6885A924DACA200014CAB7 /* UsersTableViewCell.swift in Sources */ = {isa = PBXBuildFile; fileRef = FE6885A824DACA200014CAB7 /* UsersTableViewCell.swift */; };
		FE6885AC24DAD60E0014CAB7 /* GroupInfo.swift in Sources */ = {isa = PBXBuildFile; fileRef = FE6885AB24DAD60E0014CAB7 /* GroupInfo.swift */; };
		FE6885AE24DBF42C0014CAB7 /* UsersInfo.swift in Sources */ = {isa = PBXBuildFile; fileRef = FE6885AD24DBF42C0014CAB7 /* UsersInfo.swift */; };
		FE87FC0624D81FA9004A4737 /* TabBarViewController.swift in Sources */ = {isa = PBXBuildFile; fileRef = FE87FC0524D81FA9004A4737 /* TabBarViewController.swift */; };
		FE87FC0C24D83B99004A4737 /* GroupsNavigationBarController.swift in Sources */ = {isa = PBXBuildFile; fileRef = FE87FC0B24D83B99004A4737 /* GroupsNavigationBarController.swift */; };
/* End PBXBuildFile section */

/* Begin PBXFileReference section */
		FE226CC824EBDBD600E57F91 /* AvatarCompositeView.swift */ = {isa = PBXFileReference; lastKnownFileType = sourcecode.swift; name = AvatarCompositeView.swift; path = VkStyle/View/AvatarCompositeView.swift; sourceTree = SOURCE_ROOT; };
		FE226CCC24ED150100E57F91 /* LikeUIView.swift */ = {isa = PBXFileReference; lastKnownFileType = sourcecode.swift; path = LikeUIView.swift; sourceTree = "<group>"; };
		FE226CCE24ED515F00E57F91 /* UsersTableView.swift */ = {isa = PBXFileReference; lastKnownFileType = sourcecode.swift; path = UsersTableView.swift; sourceTree = "<group>"; };
		FE226CD024ED571D00E57F91 /* UsersViewController.swift */ = {isa = PBXFileReference; lastKnownFileType = sourcecode.swift; path = UsersViewController.swift; sourceTree = "<group>"; };
		FE65899C24D2FFB500BBB3C0 /* VkStyle.app */ = {isa = PBXFileReference; explicitFileType = wrapper.application; includeInIndex = 0; path = VkStyle.app; sourceTree = BUILT_PRODUCTS_DIR; };
		FE65899F24D2FFB500BBB3C0 /* AppDelegate.swift */ = {isa = PBXFileReference; lastKnownFileType = sourcecode.swift; path = AppDelegate.swift; sourceTree = "<group>"; };
		FE6589A124D2FFB500BBB3C0 /* SceneDelegate.swift */ = {isa = PBXFileReference; lastKnownFileType = sourcecode.swift; path = SceneDelegate.swift; sourceTree = "<group>"; };
		FE6589A324D2FFB500BBB3C0 /* LoginViewController.swift */ = {isa = PBXFileReference; lastKnownFileType = sourcecode.swift; path = LoginViewController.swift; sourceTree = "<group>"; };
		FE6589A624D2FFB500BBB3C0 /* Base */ = {isa = PBXFileReference; lastKnownFileType = file.storyboard; name = Base; path = Base.lproj/Main.storyboard; sourceTree = "<group>"; };
		FE6589A824D2FFB600BBB3C0 /* Assets.xcassets */ = {isa = PBXFileReference; lastKnownFileType = folder.assetcatalog; path = Assets.xcassets; sourceTree = "<group>"; };
		FE6589AB24D2FFB600BBB3C0 /* Base */ = {isa = PBXFileReference; lastKnownFileType = file.storyboard; name = Base; path = Base.lproj/LaunchScreen.storyboard; sourceTree = "<group>"; };
		FE6589AD24D2FFB600BBB3C0 /* Info.plist */ = {isa = PBXFileReference; lastKnownFileType = text.plist.xml; path = Info.plist; sourceTree = "<group>"; };
		FE68859724DAA52A0014CAB7 /* AllGroupsTableViewController.swift */ = {isa = PBXFileReference; lastKnownFileType = sourcecode.swift; path = AllGroupsTableViewController.swift; sourceTree = "<group>"; };
		FE68859924DAA5780014CAB7 /* AllGroupsTableViewCell.swift */ = {isa = PBXFileReference; lastKnownFileType = sourcecode.swift; path = AllGroupsTableViewCell.swift; sourceTree = "<group>"; };
		FE68859C24DAB1650014CAB7 /* MyGroupsTableViewCell.swift */ = {isa = PBXFileReference; lastKnownFileType = sourcecode.swift; path = MyGroupsTableViewCell.swift; sourceTree = "<group>"; };
		FE68859E24DAB1910014CAB7 /* MyGroupsTableViewController.swift */ = {isa = PBXFileReference; lastKnownFileType = sourcecode.swift; path = MyGroupsTableViewController.swift; sourceTree = "<group>"; };
		FE6885A124DAC6010014CAB7 /* PhotosCollectionViewController.swift */ = {isa = PBXFileReference; lastKnownFileType = sourcecode.swift; path = PhotosCollectionViewController.swift; sourceTree = "<group>"; };
		FE6885A324DAC62F0014CAB7 /* PhotosCollectionViewCell.swift */ = {isa = PBXFileReference; lastKnownFileType = sourcecode.swift; path = PhotosCollectionViewCell.swift; sourceTree = "<group>"; };
		FE6885A824DACA200014CAB7 /* UsersTableViewCell.swift */ = {isa = PBXFileReference; lastKnownFileType = sourcecode.swift; path = UsersTableViewCell.swift; sourceTree = "<group>"; };
		FE6885AB24DAD60E0014CAB7 /* GroupInfo.swift */ = {isa = PBXFileReference; lastKnownFileType = sourcecode.swift; path = GroupInfo.swift; sourceTree = "<group>"; };
		FE6885AD24DBF42C0014CAB7 /* UsersInfo.swift */ = {isa = PBXFileReference; lastKnownFileType = sourcecode.swift; path = UsersInfo.swift; sourceTree = "<group>"; };
		FE87FC0524D81FA9004A4737 /* TabBarViewController.swift */ = {isa = PBXFileReference; lastKnownFileType = sourcecode.swift; path = TabBarViewController.swift; sourceTree = "<group>"; };
		FE87FC0B24D83B99004A4737 /* GroupsNavigationBarController.swift */ = {isa = PBXFileReference; lastKnownFileType = sourcecode.swift; path = GroupsNavigationBarController.swift; sourceTree = "<group>"; };
/* End PBXFileReference section */

/* Begin PBXFrameworksBuildPhase section */
		FE65899924D2FFB500BBB3C0 /* Frameworks */ = {
			isa = PBXFrameworksBuildPhase;
			buildActionMask = 2147483647;
			files = (
			);
			runOnlyForDeploymentPostprocessing = 0;
		};
/* End PBXFrameworksBuildPhase section */

/* Begin PBXGroup section */
		FE226CC324EBC85C00E57F91 /* View */ = {
			isa = PBXGroup;
			children = (
				FE226CCC24ED150100E57F91 /* LikeUIView.swift */,
				FE226CCE24ED515F00E57F91 /* UsersTableView.swift */,
			);
			path = View;
			sourceTree = "<group>";
		};
		FE65899324D2FFB500BBB3C0 = {
			isa = PBXGroup;
			children = (
				FE65899E24D2FFB500BBB3C0 /* VkStyle */,
				FE65899D24D2FFB500BBB3C0 /* Products */,
			);
			sourceTree = "<group>";
		};
		FE65899D24D2FFB500BBB3C0 /* Products */ = {
			isa = PBXGroup;
			children = (
				FE65899C24D2FFB500BBB3C0 /* VkStyle.app */,
			);
			name = Products;
			sourceTree = "<group>";
		};
		FE65899E24D2FFB500BBB3C0 /* VkStyle */ = {
			isa = PBXGroup;
			children = (
				FE6885B024DC1DFC0014CAB7 /* NewVkStyle */,
				FE6885AA24DAD5F00014CAB7 /* Model */,
				FE6885A524DAC9710014CAB7 /* Users */,
				FE6885A024DAC57B0014CAB7 /* Photos */,
				FE68859B24DAB1170014CAB7 /* MyGroups */,
				FE68859624DAA2690014CAB7 /* AllGroups */,
				FE6589A324D2FFB500BBB3C0 /* LoginViewController.swift */,
				FE87FC0524D81FA9004A4737 /* TabBarViewController.swift */,
				FE87FC0B24D83B99004A4737 /* GroupsNavigationBarController.swift */,
				FE6589AD24D2FFB600BBB3C0 /* Info.plist */,
				FE226CC324EBC85C00E57F91 /* View */,
				FE6885AF24DC1D2D0014CAB7 /* Resources */,
			);
			path = VkStyle;
			sourceTree = "<group>";
		};
		FE68859624DAA2690014CAB7 /* AllGroups */ = {
			isa = PBXGroup;
			children = (
				FE68859724DAA52A0014CAB7 /* AllGroupsTableViewController.swift */,
				FE68859924DAA5780014CAB7 /* AllGroupsTableViewCell.swift */,
			);
			path = AllGroups;
			sourceTree = "<group>";
		};
		FE68859B24DAB1170014CAB7 /* MyGroups */ = {
			isa = PBXGroup;
			children = (
				FE68859C24DAB1650014CAB7 /* MyGroupsTableViewCell.swift */,
				FE68859E24DAB1910014CAB7 /* MyGroupsTableViewController.swift */,
			);
			path = MyGroups;
			sourceTree = "<group>";
		};
		FE6885A024DAC57B0014CAB7 /* Photos */ = {
			isa = PBXGroup;
			children = (
				FE6885A124DAC6010014CAB7 /* PhotosCollectionViewController.swift */,
				FE6885A324DAC62F0014CAB7 /* PhotosCollectionViewCell.swift */,
			);
			path = Photos;
			sourceTree = "<group>";
		};
		FE6885A524DAC9710014CAB7 /* Users */ = {
			isa = PBXGroup;
			children = (
				FE6885A824DACA200014CAB7 /* UsersTableViewCell.swift */,
				FE226CC824EBDBD600E57F91 /* AvatarCompositeView.swift */,
				FE226CD024ED571D00E57F91 /* UsersViewController.swift */,
			);
			path = Users;
			sourceTree = "<group>";
		};
		FE6885AA24DAD5F00014CAB7 /* Model */ = {
			isa = PBXGroup;
			children = (
				FE6885AB24DAD60E0014CAB7 /* GroupInfo.swift */,
				FE6885AD24DBF42C0014CAB7 /* UsersInfo.swift */,
			);
			path = Model;
			sourceTree = "<group>";
		};
		FE6885AF24DC1D2D0014CAB7 /* Resources */ = {
			isa = PBXGroup;
			children = (
				FE6589A524D2FFB500BBB3C0 /* Main.storyboard */,
				FE6589A824D2FFB600BBB3C0 /* Assets.xcassets */,
				FE6589AA24D2FFB600BBB3C0 /* LaunchScreen.storyboard */,
			);
			path = Resources;
			sourceTree = "<group>";
		};
		FE6885B024DC1DFC0014CAB7 /* NewVkStyle */ = {
			isa = PBXGroup;
			children = (
				FE65899F24D2FFB500BBB3C0 /* AppDelegate.swift */,
				FE6589A124D2FFB500BBB3C0 /* SceneDelegate.swift */,
			);
			path = NewVkStyle;
			sourceTree = "<group>";
		};
/* End PBXGroup section */

/* Begin PBXNativeTarget section */
		FE65899B24D2FFB500BBB3C0 /* VkStyle */ = {
			isa = PBXNativeTarget;
			buildConfigurationList = FE6589B024D2FFB600BBB3C0 /* Build configuration list for PBXNativeTarget "VkStyle" */;
			buildPhases = (
				FE65899824D2FFB500BBB3C0 /* Sources */,
				FE65899924D2FFB500BBB3C0 /* Frameworks */,
				FE65899A24D2FFB500BBB3C0 /* Resources */,
			);
			buildRules = (
			);
			dependencies = (
			);
			name = VkStyle;
			productName = Weather2;
			productReference = FE65899C24D2FFB500BBB3C0 /* VkStyle.app */;
			productType = "com.apple.product-type.application";
		};
/* End PBXNativeTarget section */

/* Begin PBXProject section */
		FE65899424D2FFB500BBB3C0 /* Project object */ = {
			isa = PBXProject;
			attributes = {
				LastSwiftUpdateCheck = 1100;
				LastUpgradeCheck = 1100;
				ORGANIZATIONNAME = Alla;
				TargetAttributes = {
					FE65899B24D2FFB500BBB3C0 = {
						CreatedOnToolsVersion = 11.0;
					};
				};
			};
			buildConfigurationList = FE65899724D2FFB500BBB3C0 /* Build configuration list for PBXProject "VkStyle" */;
			compatibilityVersion = "Xcode 9.3";
			developmentRegion = en;
			hasScannedForEncodings = 0;
			knownRegions = (
				en,
				Base,
			);
			mainGroup = FE65899324D2FFB500BBB3C0;
			productRefGroup = FE65899D24D2FFB500BBB3C0 /* Products */;
			projectDirPath = "";
			projectRoot = "";
			targets = (
				FE65899B24D2FFB500BBB3C0 /* VkStyle */,
			);
		};
/* End PBXProject section */

/* Begin PBXResourcesBuildPhase section */
		FE65899A24D2FFB500BBB3C0 /* Resources */ = {
			isa = PBXResourcesBuildPhase;
			buildActionMask = 2147483647;
			files = (
				FE6589AC24D2FFB600BBB3C0 /* LaunchScreen.storyboard in Resources */,
				FE6589A924D2FFB600BBB3C0 /* Assets.xcassets in Resources */,
				FE6589A724D2FFB500BBB3C0 /* Main.storyboard in Resources */,
			);
			runOnlyForDeploymentPostprocessing = 0;
		};
/* End PBXResourcesBuildPhase section */

/* Begin PBXSourcesBuildPhase section */
		FE65899824D2FFB500BBB3C0 /* Sources */ = {
			isa = PBXSourcesBuildPhase;
			buildActionMask = 2147483647;
			files = (
				FE226CCF24ED515F00E57F91 /* UsersTableView.swift in Sources */,
				FE87FC0624D81FA9004A4737 /* TabBarViewController.swift in Sources */,
				FE6589A424D2FFB500BBB3C0 /* LoginViewController.swift in Sources */,
				FE68859D24DAB1650014CAB7 /* MyGroupsTableViewCell.swift in Sources */,
				FE226CCD24ED150100E57F91 /* LikeUIView.swift in Sources */,
				FE68859824DAA52A0014CAB7 /* AllGroupsTableViewController.swift in Sources */,
				FE68859A24DAA5780014CAB7 /* AllGroupsTableViewCell.swift in Sources */,
				FE6885A424DAC62F0014CAB7 /* PhotosCollectionViewCell.swift in Sources */,
				FE226CD124ED571D00E57F91 /* UsersViewController.swift in Sources */,
				FE6885AC24DAD60E0014CAB7 /* GroupInfo.swift in Sources */,
				FE6589A024D2FFB500BBB3C0 /* AppDelegate.swift in Sources */,
				FE68859F24DAB1910014CAB7 /* MyGroupsTableViewController.swift in Sources */,
				FE6885A924DACA200014CAB7 /* UsersTableViewCell.swift in Sources */,
				FE6885AE24DBF42C0014CAB7 /* UsersInfo.swift in Sources */,
				FE6589A224D2FFB500BBB3C0 /* SceneDelegate.swift in Sources */,
				FE87FC0C24D83B99004A4737 /* GroupsNavigationBarController.swift in Sources */,
				FE226CC924EBDBD600E57F91 /* AvatarCompositeView.swift in Sources */,
				FE6885A224DAC6010014CAB7 /* PhotosCollectionViewController.swift in Sources */,
			);
			runOnlyForDeploymentPostprocessing = 0;
		};
/* End PBXSourcesBuildPhase section */

/* Begin PBXVariantGroup section */
		FE6589A524D2FFB500BBB3C0 /* Main.storyboard */ = {
			isa = PBXVariantGroup;
			children = (
				FE6589A624D2FFB500BBB3C0 /* Base */,
			);
			name = Main.storyboard;
			sourceTree = "<group>";
		};
		FE6589AA24D2FFB600BBB3C0 /* LaunchScreen.storyboard */ = {
			isa = PBXVariantGroup;
			children = (
				FE6589AB24D2FFB600BBB3C0 /* Base */,
			);
			name = LaunchScreen.storyboard;
			sourceTree = "<group>";
		};
/* End PBXVariantGroup section */

/* Begin XCBuildConfiguration section */
		FE6589AE24D2FFB600BBB3C0 /* Debug */ = {
			isa = XCBuildConfiguration;
			buildSettings = {
				ALWAYS_SEARCH_USER_PATHS = NO;
				CLANG_ANALYZER_NONNULL = YES;
				CLANG_ANALYZER_NUMBER_OBJECT_CONVERSION = YES_AGGRESSIVE;
				CLANG_CXX_LANGUAGE_STANDARD = "gnu++14";
				CLANG_CXX_LIBRARY = "libc++";
				CLANG_ENABLE_MODULES = YES;
				CLANG_ENABLE_OBJC_ARC = YES;
				CLANG_ENABLE_OBJC_WEAK = YES;
				CLANG_WARN_BLOCK_CAPTURE_AUTORELEASING = YES;
				CLANG_WARN_BOOL_CONVERSION = YES;
				CLANG_WARN_COMMA = YES;
				CLANG_WARN_CONSTANT_CONVERSION = YES;
				CLANG_WARN_DEPRECATED_OBJC_IMPLEMENTATIONS = YES;
				CLANG_WARN_DIRECT_OBJC_ISA_USAGE = YES_ERROR;
				CLANG_WARN_DOCUMENTATION_COMMENTS = YES;
				CLANG_WARN_EMPTY_BODY = YES;
				CLANG_WARN_ENUM_CONVERSION = YES;
				CLANG_WARN_INFINITE_RECURSION = YES;
				CLANG_WARN_INT_CONVERSION = YES;
				CLANG_WARN_NON_LITERAL_NULL_CONVERSION = YES;
				CLANG_WARN_OBJC_IMPLICIT_RETAIN_SELF = YES;
				CLANG_WARN_OBJC_LITERAL_CONVERSION = YES;
				CLANG_WARN_OBJC_ROOT_CLASS = YES_ERROR;
				CLANG_WARN_RANGE_LOOP_ANALYSIS = YES;
				CLANG_WARN_STRICT_PROTOTYPES = YES;
				CLANG_WARN_SUSPICIOUS_MOVE = YES;
				CLANG_WARN_UNGUARDED_AVAILABILITY = YES_AGGRESSIVE;
				CLANG_WARN_UNREACHABLE_CODE = YES;
				CLANG_WARN__DUPLICATE_METHOD_MATCH = YES;
				COPY_PHASE_STRIP = NO;
				DEBUG_INFORMATION_FORMAT = dwarf;
				ENABLE_STRICT_OBJC_MSGSEND = YES;
				ENABLE_TESTABILITY = YES;
				GCC_C_LANGUAGE_STANDARD = gnu11;
				GCC_DYNAMIC_NO_PIC = NO;
				GCC_NO_COMMON_BLOCKS = YES;
				GCC_OPTIMIZATION_LEVEL = 0;
				GCC_PREPROCESSOR_DEFINITIONS = (
					"DEBUG=1",
					"$(inherited)",
				);
				GCC_WARN_64_TO_32_BIT_CONVERSION = YES;
				GCC_WARN_ABOUT_RETURN_TYPE = YES_ERROR;
				GCC_WARN_UNDECLARED_SELECTOR = YES;
				GCC_WARN_UNINITIALIZED_AUTOS = YES_AGGRESSIVE;
				GCC_WARN_UNUSED_FUNCTION = YES;
				GCC_WARN_UNUSED_VARIABLE = YES;
				IPHONEOS_DEPLOYMENT_TARGET = 13.0;
				MTL_ENABLE_DEBUG_INFO = INCLUDE_SOURCE;
				MTL_FAST_MATH = YES;
				ONLY_ACTIVE_ARCH = YES;
				SDKROOT = iphoneos;
				SWIFT_ACTIVE_COMPILATION_CONDITIONS = DEBUG;
				SWIFT_OPTIMIZATION_LEVEL = "-Onone";
			};
			name = Debug;
		};
		FE6589AF24D2FFB600BBB3C0 /* Release */ = {
			isa = XCBuildConfiguration;
			buildSettings = {
				ALWAYS_SEARCH_USER_PATHS = NO;
				CLANG_ANALYZER_NONNULL = YES;
				CLANG_ANALYZER_NUMBER_OBJECT_CONVERSION = YES_AGGRESSIVE;
				CLANG_CXX_LANGUAGE_STANDARD = "gnu++14";
				CLANG_CXX_LIBRARY = "libc++";
				CLANG_ENABLE_MODULES = YES;
				CLANG_ENABLE_OBJC_ARC = YES;
				CLANG_ENABLE_OBJC_WEAK = YES;
				CLANG_WARN_BLOCK_CAPTURE_AUTORELEASING = YES;
				CLANG_WARN_BOOL_CONVERSION = YES;
				CLANG_WARN_COMMA = YES;
				CLANG_WARN_CONSTANT_CONVERSION = YES;
				CLANG_WARN_DEPRECATED_OBJC_IMPLEMENTATIONS = YES;
				CLANG_WARN_DIRECT_OBJC_ISA_USAGE = YES_ERROR;
				CLANG_WARN_DOCUMENTATION_COMMENTS = YES;
				CLANG_WARN_EMPTY_BODY = YES;
				CLANG_WARN_ENUM_CONVERSION = YES;
				CLANG_WARN_INFINITE_RECURSION = YES;
				CLANG_WARN_INT_CONVERSION = YES;
				CLANG_WARN_NON_LITERAL_NULL_CONVERSION = YES;
				CLANG_WARN_OBJC_IMPLICIT_RETAIN_SELF = YES;
				CLANG_WARN_OBJC_LITERAL_CONVERSION = YES;
				CLANG_WARN_OBJC_ROOT_CLASS = YES_ERROR;
				CLANG_WARN_RANGE_LOOP_ANALYSIS = YES;
				CLANG_WARN_STRICT_PROTOTYPES = YES;
				CLANG_WARN_SUSPICIOUS_MOVE = YES;
				CLANG_WARN_UNGUARDED_AVAILABILITY = YES_AGGRESSIVE;
				CLANG_WARN_UNREACHABLE_CODE = YES;
				CLANG_WARN__DUPLICATE_METHOD_MATCH = YES;
				COPY_PHASE_STRIP = NO;
				DEBUG_INFORMATION_FORMAT = "dwarf-with-dsym";
				ENABLE_NS_ASSERTIONS = NO;
				ENABLE_STRICT_OBJC_MSGSEND = YES;
				GCC_C_LANGUAGE_STANDARD = gnu11;
				GCC_NO_COMMON_BLOCKS = YES;
				GCC_WARN_64_TO_32_BIT_CONVERSION = YES;
				GCC_WARN_ABOUT_RETURN_TYPE = YES_ERROR;
				GCC_WARN_UNDECLARED_SELECTOR = YES;
				GCC_WARN_UNINITIALIZED_AUTOS = YES_AGGRESSIVE;
				GCC_WARN_UNUSED_FUNCTION = YES;
				GCC_WARN_UNUSED_VARIABLE = YES;
				IPHONEOS_DEPLOYMENT_TARGET = 13.0;
				MTL_ENABLE_DEBUG_INFO = NO;
				MTL_FAST_MATH = YES;
				SDKROOT = iphoneos;
				SWIFT_COMPILATION_MODE = wholemodule;
				SWIFT_OPTIMIZATION_LEVEL = "-O";
				VALIDATE_PRODUCT = YES;
			};
			name = Release;
		};
		FE6589B124D2FFB600BBB3C0 /* Debug */ = {
			isa = XCBuildConfiguration;
			buildSettings = {
				ASSETCATALOG_COMPILER_APPICON_NAME = AppIcon;
				CODE_SIGN_STYLE = Automatic;
				DEVELOPMENT_TEAM = 92G6C5Y39S;
				INFOPLIST_FILE = VkStyle/Info.plist;
				IPHONEOS_DEPLOYMENT_TARGET = 13.0;
				LD_RUNPATH_SEARCH_PATHS = (
					"$(inherited)",
					"@executable_path/Frameworks",
				);
				PRODUCT_BUNDLE_IDENTIFIER = Alla.VkStyle;
				PRODUCT_NAME = "$(TARGET_NAME)";
				SWIFT_VERSION = 5.0;
				TARGETED_DEVICE_FAMILY = "1,2";
			};
			name = Debug;
		};
		FE6589B224D2FFB600BBB3C0 /* Release */ = {
			isa = XCBuildConfiguration;
			buildSettings = {
				ASSETCATALOG_COMPILER_APPICON_NAME = AppIcon;
				CODE_SIGN_STYLE = Automatic;
				DEVELOPMENT_TEAM = 92G6C5Y39S;
				INFOPLIST_FILE = VkStyle/Info.plist;
				IPHONEOS_DEPLOYMENT_TARGET = 13.0;
				LD_RUNPATH_SEARCH_PATHS = (
					"$(inherited)",
					"@executable_path/Frameworks",
				);
				PRODUCT_BUNDLE_IDENTIFIER = Alla.VkStyle;
				PRODUCT_NAME = "$(TARGET_NAME)";
				SWIFT_VERSION = 5.0;
				TARGETED_DEVICE_FAMILY = "1,2";
			};
			name = Release;
		};
/* End XCBuildConfiguration section */

/* Begin XCConfigurationList section */
		FE65899724D2FFB500BBB3C0 /* Build configuration list for PBXProject "VkStyle" */ = {
			isa = XCConfigurationList;
			buildConfigurations = (
				FE6589AE24D2FFB600BBB3C0 /* Debug */,
				FE6589AF24D2FFB600BBB3C0 /* Release */,
			);
			defaultConfigurationIsVisible = 0;
			defaultConfigurationName = Release;
		};
		FE6589B024D2FFB600BBB3C0 /* Build configuration list for PBXNativeTarget "VkStyle" */ = {
			isa = XCConfigurationList;
			buildConfigurations = (
				FE6589B124D2FFB600BBB3C0 /* Debug */,
				FE6589B224D2FFB600BBB3C0 /* Release */,
			);
			defaultConfigurationIsVisible = 0;
			defaultConfigurationName = Release;
		};
/* End XCConfigurationList section */
	};
	rootObject = FE65899424D2FFB500BBB3C0 /* Project object */;
}
